
Microsoft Visual Studio Solution File, Format Version 12.00
# Visual Studio Version 17
VisualStudioVersion = 17.12.35707.178
MinimumVisualStudioVersion = 10.0.40219.1
Project("{FAE04EC0-301F-11D3-BF4B-00C04F79EFBC}") = "Godoycordoba.API", "Godoycordoba.API\Godoycordoba.API.csproj", "{4F75A2DC-A3C8-4BCC-BAB0-E9A22E53ECE8}"
EndProject
Project("{FAE04EC0-301F-11D3-BF4B-00C04F79EFBC}") = "Godoycordoba.Data", "Godoycordoba.Data\Godoycordoba.Data.csproj", "{C8C1E4E8-5D05-457A-904E-796446CC1D57}"
EndProject
Project("{FAE04EC0-301F-11D3-BF4B-00C04F79EFBC}") = "Godoycordoba.Logic", "Godoycordoba.Logic\Godoycordoba.Logic.csproj", "{4C9A521C-F5EC-4014-92D6-3CB009743F42}"
EndProject
Global
	GlobalSection(SolutionConfigurationPlatforms) = preSolution
		Debug|Any CPU = Debug|Any CPU
		Release|Any CPU = Release|Any CPU
	EndGlobalSection
	GlobalSection(ProjectConfigurationPlatforms) = postSolution
		{4F75A2DC-A3C8-4BCC-BAB0-E9A22E53ECE8}.Debug|Any CPU.ActiveCfg = Debug|Any CPU
		{4F75A2DC-A3C8-4BCC-BAB0-E9A22E53ECE8}.Debug|Any CPU.Build.0 = Debug|Any CPU
		{4F75A2DC-A3C8-4BCC-BAB0-E9A22E53ECE8}.Release|Any CPU.ActiveCfg = Release|Any CPU
		{4F75A2DC-A3C8-4BCC-BAB0-E9A22E53ECE8}.Release|Any CPU.Build.0 = Release|Any CPU
		{C8C1E4E8-5D05-457A-904E-796446CC1D57}.Debug|Any CPU.ActiveCfg = Debug|Any CPU
		{C8C1E4E8-5D05-457A-904E-796446CC1D57}.Debug|Any CPU.Build.0 = Debug|Any CPU
		{C8C1E4E8-5D05-457A-904E-796446CC1D57}.Release|Any CPU.ActiveCfg = Release|Any CPU
		{C8C1E4E8-5D05-457A-904E-796446CC1D57}.Release|Any CPU.Build.0 = Release|Any CPU
		{4C9A521C-F5EC-4014-92D6-3CB009743F42}.Debug|Any CPU.ActiveCfg = Debug|Any CPU
		{4C9A521C-F5EC-4014-92D6-3CB009743F42}.Debug|Any CPU.Build.0 = Debug|Any CPU
		{4C9A521C-F5EC-4014-92D6-3CB009743F42}.Release|Any CPU.ActiveCfg = Release|Any CPU
		{4C9A521C-F5EC-4014-92D6-3CB009743F42}.Release|Any CPU.Build.0 = Release|Any CPU
	EndGlobalSection
	GlobalSection(SolutionProperties) = preSolution
		HideSolutionNode = FALSE
	EndGlobalSection
EndGlobal
